PODS:
  - AFNetworking (1.2.1)
  - ARAnalytics/Core (1.5)
  - ARAnalytics/MixpanelOSX (1.5):
    - ARAnalytics/Core
    - Mixpanel-OSX-Community
  - INAppStoreWindow (1.2)
  - Mixpanel-OSX-Community (2.0.0)

DEPENDENCIES:
  - AFNetworking
  - ARAnalytics/MixpanelOSX (from `../../ios/ARAnalytics/`)
  - INAppStoreWindow
  - Mixpanel-OSX-Community (from `../../ios/Mixpanel-OSX-Community`)

EXTERNAL SOURCES:
  ARAnalytics:
    :path: ../../ios/ARAnalytics/
  Mixpanel-OSX-Community:
    :path: ../../ios/Mixpanel-OSX-Community

SPEC CHECKSUMS:
  AFNetworking: a44069e3c9c89867544f6639482f155c7e5f9b41
  ARAnalytics: c45556ff7b8fa612e39d7f85e9557128f6081fd6
  INAppStoreWindow: d00327caee47d951043169df9aaab952389defcb
  Mixpanel-OSX-Community: 4fbb698e87067e98a02569fd04a26ab82a9d77dc

COCOAPODS: 0.20.2
