PODS:
  - AFNetworking (1.2.1)
  - ARAnalytics/CoreMac (2.8.0)
  - ARAnalytics/MixpanelOSX (2.8.0):
    - ARAnalytics/CoreMac
    - Mixpanel-OSX-Community
  - INAppStoreWindow (1.2)
  - Mixpanel-OSX-Community (2.0.0)

DEPENDENCIES:
  - AFNetworking
  - ARAnalytics/MixpanelOSX
  - INAppStoreWindow

SPEC CHECKSUMS:
  AFNetworking: 7e82cfea05017c338ae62897f0a09ba1a8ebb479
  ARAnalytics: 93c5b65989145f88f4d45e262612eac277b0c219
  INAppStoreWindow: 73bf0535028e7f3994e223eed04abb97f695ec7e
  Mixpanel-OSX-Community: ffb1d298c87f5691ff19a1d61e2bff6b154f3025

COCOAPODS: 0.35.0
